// !$*UTF8*$!
{
	archiveVersion = 1;
	classes = {
	};
	objectVersion = 77;
	objects = {

/* Begin PBXBuildFile section */
		062C5E353DF49B3250AC182A /* Assets.xcassets in Resources */ = {isa = PBXBuildFile; fileRef = 2B4F9ECE30C8F7F855050D18 /* Assets.xcassets */; };
		16CAEEBC6C109D820A5C8ED2 /* ClockView.swift in Sources */ = {isa = PBXBuildFile; fileRef = 2AAE2BB88042775FAEEC1924 /* ClockView.swift */; };
		21E5E4356FE80839F84DCE80 /* AppDelegate.swift in Sources */ = {isa = PBXBuildFile; fileRef = F753FC08314FA562D628940B /* AppDelegate.swift */; };
		229D3E913398E725BCDAAED5 /* ClockWindowController.swift in Sources */ = {isa = PBXBuildFile; fileRef = 79025BBC75455E386FFFF342 /* ClockWindowController.swift */; };
		75AF7D162B134C4938EBB079 /* main.swift in Sources */ = {isa = PBXBuildFile; fileRef = C9088F62FC594AB050ED90F9 /* main.swift */; };
		86304EF63390E79FBE097071 /* LaunchAtLoginController.swift in Sources */ = {isa = PBXBuildFile; fileRef = F3667F5341B835F180ADC37F /* LaunchAtLoginController.swift */; };
		DDA7238688E691BB655E18A8 /* WindowThemeController.swift in Sources */ = {isa = PBXBuildFile; fileRef = EC849F465CE7867C954BAA92 /* WindowThemeController.swift */; };
		F123A89E58918C2DAE7209A0 /* StatusItemController.swift in Sources */ = {isa = PBXBuildFile; fileRef = 72DE0BF8A522F6142627C8D4 /* StatusItemController.swift */; };
/* End PBXBuildFile section */

/* Begin PBXFileReference section */
		2AAE2BB88042775FAEEC1924 /* ClockView.swift */ = {isa = PBXFileReference; lastKnownFileType = sourcecode.swift; path = ClockView.swift; sourceTree = "<group>"; };
		2B4F9ECE30C8F7F855050D18 /* Assets.xcassets */ = {isa = PBXFileReference; lastKnownFileType = folder.assetcatalog; path = Assets.xcassets; sourceTree = "<group>"; };
		72DE0BF8A522F6142627C8D4 /* StatusItemController.swift */ = {isa = PBXFileReference; lastKnownFileType = sourcecode.swift; path = StatusItemController.swift; sourceTree = "<group>"; };
		79025BBC75455E386FFFF342 /* ClockWindowController.swift */ = {isa = PBXFileReference; lastKnownFileType = sourcecode.swift; path = ClockWindowController.swift; sourceTree = "<group>"; };
		C9088F62FC594AB050ED90F9 /* main.swift */ = {isa = PBXFileReference; lastKnownFileType = sourcecode.swift; path = main.swift; sourceTree = "<group>"; };
		DB4732D12161EDA8B63F474D /* FloatingClockMac.app */ = {isa = PBXFileReference; explicitFileType = wrapper.application; includeInIndex = 0; path = FloatingClockMac.app; sourceTree = BUILT_PRODUCTS_DIR; };
		EC849F465CE7867C954BAA92 /* WindowThemeController.swift */ = {isa = PBXFileReference; lastKnownFileType = sourcecode.swift; path = WindowThemeController.swift; sourceTree = "<group>"; };
		F3667F5341B835F180ADC37F /* LaunchAtLoginController.swift */ = {isa = PBXFileReference; lastKnownFileType = sourcecode.swift; path = LaunchAtLoginController.swift; sourceTree = "<group>"; };
		F753FC08314FA562D628940B /* AppDelegate.swift */ = {isa = PBXFileReference; lastKnownFileType = sourcecode.swift; path = AppDelegate.swift; sourceTree = "<group>"; };
/* End PBXFileReference section */

/* Begin PBXGroup section */
		097DF60CF823D6BE736FCE10 /* Resources */ = {
			isa = PBXGroup;
			children = (
				2B4F9ECE30C8F7F855050D18 /* Assets.xcassets */,
			);
			path = Resources;
			sourceTree = "<group>";
		};
		69D0B38113EEAF864A7DE9EA /* Products */ = {
			isa = PBXGroup;
			children = (
				DB4732D12161EDA8B63F474D /* FloatingClockMac.app */,
			);
			name = Products;
			sourceTree = "<group>";
		};
		94810C28416D49B8F5ABC8BB = {
			isa = PBXGroup;
			children = (
				097DF60CF823D6BE736FCE10 /* Resources */,
				D33487147777ACAE51559C34 /* Sources */,
				69D0B38113EEAF864A7DE9EA /* Products */,
			);
			sourceTree = "<group>";
		};
		9F526B5C4A73B891BE33B865 /* FloatingClockApp */ = {
			isa = PBXGroup;
			children = (
				F753FC08314FA562D628940B /* AppDelegate.swift */,
				2AAE2BB88042775FAEEC1924 /* ClockView.swift */,
				79025BBC75455E386FFFF342 /* ClockWindowController.swift */,
				F3667F5341B835F180ADC37F /* LaunchAtLoginController.swift */,
				C9088F62FC594AB050ED90F9 /* main.swift */,
				72DE0BF8A522F6142627C8D4 /* StatusItemController.swift */,
				EC849F465CE7867C954BAA92 /* WindowThemeController.swift */,
			);
			path = FloatingClockApp;
			sourceTree = "<group>";
		};
		D33487147777ACAE51559C34 /* Sources */ = {
			isa = PBXGroup;
			children = (
				9F526B5C4A73B891BE33B865 /* FloatingClockApp */,
			);
			path = Sources;
			sourceTree = "<group>";
		};
/* End PBXGroup section */

/* Begin PBXNativeTarget section */
		D5A821278F265854460EDC3A /* FloatingClockMac */ = {
			isa = PBXNativeTarget;
			buildConfigurationList = 704CD279180D13DB75851E8B /* Build configuration list for PBXNativeTarget "FloatingClockMac" */;
			buildPhases = (
				5CB32178DCA643ADFCC0562A /* Sources */,
				3A7B2E4BEB5AECC79AE2027C /* Resources */,
			);
			buildRules = (
			);
			dependencies = (
			);
			name = FloatingClockMac;
			packageProductDependencies = (
			);
			productName = FloatingClockMac;
			productReference = DB4732D12161EDA8B63F474D /* FloatingClockMac.app */;
			productType = "com.apple.product-type.application";
		};
/* End PBXNativeTarget section */

/* Begin PBXProject section */
		7E7254F95969A255D5425AA7 /* Project object */ = {
			isa = PBXProject;
			attributes = {
				BuildIndependentTargetsInParallel = YES;
				LastUpgradeCheck = 1430;
				TargetAttributes = {
				};
			};
			buildConfigurationList = 94B50482A5392AE8507BAC23 /* Build configuration list for PBXProject "FloatingClockMac" */;
			developmentRegion = en;
			hasScannedForEncodings = 0;
			knownRegions = (
				Base,
				en,
			);
			mainGroup = 94810C28416D49B8F5ABC8BB;
			minimizedProjectReferenceProxies = 1;
			preferredProjectObjectVersion = 77;
			productRefGroup = 69D0B38113EEAF864A7DE9EA /* Products */;
			projectDirPath = "";
			projectRoot = "";
			targets = (
				D5A821278F265854460EDC3A /* FloatingClockMac */,
			);
		};
/* End PBXProject section */

/* Begin PBXResourcesBuildPhase section */
		3A7B2E4BEB5AECC79AE2027C /* Resources */ = {
			isa = PBXResourcesBuildPhase;
			buildActionMask = 2147483647;
			files = (
				062C5E353DF49B3250AC182A /* Assets.xcassets in Resources */,
			);
			runOnlyForDeploymentPostprocessing = 0;
		};
/* End PBXResourcesBuildPhase section */

/* Begin PBXSourcesBuildPhase section */
		5CB32178DCA643ADFCC0562A /* Sources */ = {
			isa = PBXSourcesBuildPhase;
			buildActionMask = 2147483647;
			files = (
				21E5E4356FE80839F84DCE80 /* AppDelegate.swift in Sources */,
				16CAEEBC6C109D820A5C8ED2 /* ClockView.swift in Sources */,
				229D3E913398E725BCDAAED5 /* ClockWindowController.swift in Sources */,
				86304EF63390E79FBE097071 /* LaunchAtLoginController.swift in Sources */,
				F123A89E58918C2DAE7209A0 /* StatusItemController.swift in Sources */,
				DDA7238688E691BB655E18A8 /* WindowThemeController.swift in Sources */,
				75AF7D162B134C4938EBB079 /* main.swift in Sources */,
			);
			runOnlyForDeploymentPostprocessing = 0;
		};
/* End PBXSourcesBuildPhase section */

/* Begin XCBuildConfiguration section */
		24376433E5070BAB9070B0EC /* Debug */ = {
			isa = XCBuildConfiguration;
			buildSettings = {
				ASSETCATALOG_COMPILER_APPICON_NAME = AppIcon;
				CODE_SIGNING_ALLOWED = NO;
				CODE_SIGNING_REQUIRED = NO;
				COMBINE_HIDPI_IMAGES = YES;
				LD_RUNPATH_SEARCH_PATHS = (
					"$(inherited)",
					"@executable_path/../Frameworks",
				);
				MACOSX_DEPLOYMENT_TARGET = 13.0;
				PRODUCT_MODULE_NAME = FloatingClockMac;
				SDKROOT = macosx;
			};
			name = Debug;
		};
		2C603FD84E2359D362441D4D /* Release */ = {
			isa = XCBuildConfiguration;
			buildSettings = {
				ASSETCATALOG_COMPILER_APPICON_NAME = AppIcon;
				CODE_SIGNING_ALLOWED = NO;
				CODE_SIGNING_REQUIRED = NO;
				COMBINE_HIDPI_IMAGES = YES;
				LD_RUNPATH_SEARCH_PATHS = (
					"$(inherited)",
					"@executable_path/../Frameworks",
				);
				MACOSX_DEPLOYMENT_TARGET = 13.0;
				PRODUCT_MODULE_NAME = FloatingClockMac;
				SDKROOT = macosx;
			};
			name = Release;
		};
		5ABA6DD0FAA0162B25424174 /* Release */ = {
			isa = XCBuildConfiguration;
			buildSettings = {
				ALWAYS_SEARCH_USER_PATHS = NO;
				ASSETCATALOG_COMPILER_APPICON_NAME = AppIcon;
				CLANG_ANALYZER_NONNULL = YES;
				CLANG_ANALYZER_NUMBER_OBJECT_CONVERSION = YES_AGGRESSIVE;
				CLANG_CXX_LANGUAGE_STANDARD = "gnu++14";
				CLANG_CXX_LIBRARY = "libc++";
				CLANG_ENABLE_MODULES = YES;
				CLANG_ENABLE_OBJC_ARC = YES;
				CLANG_ENABLE_OBJC_WEAK = YES;
				CLANG_WARN_BLOCK_CAPTURE_AUTORELEASING = YES;
				CLANG_WARN_BOOL_CONVERSION = YES;
				CLANG_WARN_COMMA = YES;
				CLANG_WARN_CONSTANT_CONVERSION = YES;
				CLANG_WARN_DEPRECATED_OBJC_IMPLEMENTATIONS = YES;
				CLANG_WARN_DIRECT_OBJC_ISA_USAGE = YES_ERROR;
				CLANG_WARN_DOCUMENTATION_COMMENTS = YES;
				CLANG_WARN_EMPTY_BODY = YES;
				CLANG_WARN_ENUM_CONVERSION = YES;
				CLANG_WARN_INFINITE_RECURSION = YES;
				CLANG_WARN_INT_CONVERSION = YES;
				CLANG_WARN_NON_LITERAL_NULL_CONVERSION = YES;
				CLANG_WARN_OBJC_IMPLICIT_RETAIN_SELF = YES;
				CLANG_WARN_OBJC_LITERAL_CONVERSION = YES;
				CLANG_WARN_OBJC_ROOT_CLASS = YES_ERROR;
				CLANG_WARN_QUOTED_INCLUDE_IN_FRAMEWORK_HEADER = YES;
				CLANG_WARN_RANGE_LOOP_ANALYSIS = YES;
				CLANG_WARN_STRICT_PROTOTYPES = YES;
				CLANG_WARN_SUSPICIOUS_MOVE = YES;
				CLANG_WARN_UNGUARDED_AVAILABILITY = YES_AGGRESSIVE;
				CLANG_WARN_UNREACHABLE_CODE = YES;
				CLANG_WARN__DUPLICATE_METHOD_MATCH = YES;
				COPY_PHASE_STRIP = NO;
				DEBUG_INFORMATION_FORMAT = "dwarf-with-dsym";
				ENABLE_NS_ASSERTIONS = NO;
				ENABLE_STRICT_OBJC_MSGSEND = YES;
				GCC_C_LANGUAGE_STANDARD = gnu11;
				GCC_NO_COMMON_BLOCKS = YES;
				GCC_WARN_64_TO_32_BIT_CONVERSION = YES;
				GCC_WARN_ABOUT_RETURN_TYPE = YES_ERROR;
				GCC_WARN_UNDECLARED_SELECTOR = YES;
				GCC_WARN_UNINITIALIZED_AUTOS = YES_AGGRESSIVE;
				GCC_WARN_UNUSED_FUNCTION = YES;
				GCC_WARN_UNUSED_VARIABLE = YES;
				GENERATE_INFOPLIST_FILE = YES;
				INFOPLIST_KEY_CFBundleDisplayName = FloatingClockMac;
				INFOPLIST_KEY_LSApplicationCategoryType = "public.app-category.productivity";
				INFOPLIST_KEY_LSUIElement = YES;
				INFOPLIST_KEY_NSHumanReadableCopyright = "Copyright © 2026 kestrel-coder";
				MACOSX_DEPLOYMENT_TARGET = 13.0;
				MTL_ENABLE_DEBUG_INFO = NO;
				MTL_FAST_MATH = YES;
				PRODUCT_BUNDLE_IDENTIFIER = com.kestrelcoder.FloatingClockMac;
				PRODUCT_NAME = FloatingClockMac;
				SDKROOT = macosx;
				SWIFT_COMPILATION_MODE = wholemodule;
				SWIFT_EMIT_LOC_STRINGS = NO;
				SWIFT_OPTIMIZATION_LEVEL = "-O";
				SWIFT_VERSION = 5.0;
			};
			name = Release;
		};
		B7B5E56ECDDAD2BEDD204A0E /* Debug */ = {
			isa = XCBuildConfiguration;
			buildSettings = {
				ALWAYS_SEARCH_USER_PATHS = NO;
				ASSETCATALOG_COMPILER_APPICON_NAME = AppIcon;
				CLANG_ANALYZER_NONNULL = YES;
				CLANG_ANALYZER_NUMBER_OBJECT_CONVERSION = YES_AGGRESSIVE;
				CLANG_CXX_LANGUAGE_STANDARD = "gnu++14";
				CLANG_CXX_LIBRARY = "libc++";
				CLANG_ENABLE_MODULES = YES;
				CLANG_ENABLE_OBJC_ARC = YES;
				CLANG_ENABLE_OBJC_WEAK = YES;
				CLANG_WARN_BLOCK_CAPTURE_AUTORELEASING = YES;
				CLANG_WARN_BOOL_CONVERSION = YES;
				CLANG_WARN_COMMA = YES;
				CLANG_WARN_CONSTANT_CONVERSION = YES;
				CLANG_WARN_DEPRECATED_OBJC_IMPLEMENTATIONS = YES;
				CLANG_WARN_DIRECT_OBJC_ISA_USAGE = YES_ERROR;
				CLANG_WARN_DOCUMENTATION_COMMENTS = YES;
				CLANG_WARN_EMPTY_BODY = YES;
				CLANG_WARN_ENUM_CONVERSION = YES;
				CLANG_WARN_INFINITE_RECURSION = YES;
				CLANG_WARN_INT_CONVERSION = YES;
				CLANG_WARN_NON_LITERAL_NULL_CONVERSION = YES;
				CLANG_WARN_OBJC_IMPLICIT_RETAIN_SELF = YES;
				CLANG_WARN_OBJC_LITERAL_CONVERSION = YES;
				CLANG_WARN_OBJC_ROOT_CLASS = YES_ERROR;
				CLANG_WARN_QUOTED_INCLUDE_IN_FRAMEWORK_HEADER = YES;
				CLANG_WARN_RANGE_LOOP_ANALYSIS = YES;
				CLANG_WARN_STRICT_PROTOTYPES = YES;
				CLANG_WARN_SUSPICIOUS_MOVE = YES;
				CLANG_WARN_UNGUARDED_AVAILABILITY = YES_AGGRESSIVE;
				CLANG_WARN_UNREACHABLE_CODE = YES;
				CLANG_WARN__DUPLICATE_METHOD_MATCH = YES;
				COPY_PHASE_STRIP = NO;
				DEBUG_INFORMATION_FORMAT = dwarf;
				ENABLE_STRICT_OBJC_MSGSEND = YES;
				ENABLE_TESTABILITY = YES;
				GCC_C_LANGUAGE_STANDARD = gnu11;
				GCC_DYNAMIC_NO_PIC = NO;
				GCC_NO_COMMON_BLOCKS = YES;
				GCC_OPTIMIZATION_LEVEL = 0;
				GCC_PREPROCESSOR_DEFINITIONS = (
					"$(inherited)",
					"DEBUG=1",
				);
				GCC_WARN_64_TO_32_BIT_CONVERSION = YES;
				GCC_WARN_ABOUT_RETURN_TYPE = YES_ERROR;
				GCC_WARN_UNDECLARED_SELECTOR = YES;
				GCC_WARN_UNINITIALIZED_AUTOS = YES_AGGRESSIVE;
				GCC_WARN_UNUSED_FUNCTION = YES;
				GCC_WARN_UNUSED_VARIABLE = YES;
				GENERATE_INFOPLIST_FILE = YES;
				INFOPLIST_KEY_CFBundleDisplayName = FloatingClockMac;
				INFOPLIST_KEY_LSApplicationCategoryType = "public.app-category.productivity";
				INFOPLIST_KEY_LSUIElement = YES;
				INFOPLIST_KEY_NSHumanReadableCopyright = "Copyright © 2026 kestrel-coder";
				MACOSX_DEPLOYMENT_TARGET = 13.0;
				MTL_ENABLE_DEBUG_INFO = INCLUDE_SOURCE;
				MTL_FAST_MATH = YES;
				ONLY_ACTIVE_ARCH = YES;
				PRODUCT_BUNDLE_IDENTIFIER = com.kestrelcoder.FloatingClockMac;
				PRODUCT_NAME = FloatingClockMac;
				SDKROOT = macosx;
				SWIFT_ACTIVE_COMPILATION_CONDITIONS = DEBUG;
				SWIFT_EMIT_LOC_STRINGS = NO;
				SWIFT_OPTIMIZATION_LEVEL = "-Onone";
				SWIFT_VERSION = 5.0;
			};
			name = Debug;
		};
/* End XCBuildConfiguration section */

/* Begin XCConfigurationList section */
		704CD279180D13DB75851E8B /* Build configuration list for PBXNativeTarget "FloatingClockMac" */ = {
			isa = XCConfigurationList;
			buildConfigurations = (
				24376433E5070BAB9070B0EC /* Debug */,
				2C603FD84E2359D362441D4D /* Release */,
			);
			defaultConfigurationIsVisible = 0;
			defaultConfigurationName = Debug;
		};
		94B50482A5392AE8507BAC23 /* Build configuration list for PBXProject "FloatingClockMac" */ = {
			isa = XCConfigurationList;
			buildConfigurations = (
				B7B5E56ECDDAD2BEDD204A0E /* Debug */,
				5ABA6DD0FAA0162B25424174 /* Release */,
			);
			defaultConfigurationIsVisible = 0;
			defaultConfigurationName = Debug;
		};
/* End XCConfigurationList section */
	};
	rootObject = 7E7254F95969A255D5425AA7 /* Project object */;
}
